# THIS IS AN AUTOGENERATED FILE. DO NOT EDIT THIS FILE DIRECTLY.
# yarn lockfile v1


"@hotwired/stimulus-webpack-helpers@^1.0.1":
  version "1.0.1"
  resolved "https://registry.yarnpkg.com/@hotwired/stimulus-webpack-helpers/-/stimulus-webpack-helpers-1.0.1.tgz#4cd74487adeca576c9865ac2b9fe5cb20cef16dd"
  integrity sha512-wa/zupVG0eWxRYJjC1IiPBdt3Lruv0RqGN+/DTMmUWUyMAEB27KXmVY6a8YpUVTM7QwVuaLNGW4EqDgrS2upXQ==

"@hotwired/stimulus@^3.0.1":
  version "3.0.1"
  resolved "https://registry.yarnpkg.com/@hotwired/stimulus/-/stimulus-3.0.1.tgz#141f15645acaa3b133b7c247cad58ae252ffae85"
  integrity sha512-oHsJhgY2cip+K2ED7vKUNd2P+BEswVhrCYcJ802DSsblJFv7mPFVk3cQKvm2vHgHeDVdnj7oOKrBbzp1u8D+KA==

"@popperjs/core@^2.11.5":
  version "2.11.5"
  resolved "https://registry.yarnpkg.com/@popperjs/core/-/core-2.11.5.tgz#db5a11bf66bdab39569719555b0f76e138d7bd64"
  integrity sha512-9X2obfABZuDVLCgPK9aX0a/x4jaOEweTTWE2+9sr0Qqqevj2Uv5XorvusThmc9XGYpS9yI+fhh8RTafBtGposw==

"@rails/ujs@^7.0.3-1":
  version "7.0.3-1"
  resolved "https://registry.yarnpkg.com/@rails/ujs/-/ujs-7.0.3-1.tgz#0a0f4f2b22b887bcbf6e0b0a72b8c86665cd31d9"
  integrity sha512-g3LgpBAsWmW97xFxh5OTDgyEJLt63fEENJUYb/iNFRXY6aKLI/by6MjFw7x492DSP/+vKQa3oMEdNnjI9+yZgQ==

bootstrap@^5.1.3:
  version "5.1.3"
  resolved "https://registry.npmjs.org/bootstrap/-/bootstrap-5.1.3.tgz"
  integrity sha512-fcQztozJ8jToQWXxVuEyXWW+dSo8AiXWKwiSSrKWsRB/Qt+Ewwza+JWoLKiTuQLaEPhdNAJ7+Dosc9DOIqNy7Q==

chart.js@>=3.0.2, chart.js@^3.8.0:
  version "3.8.0"
  resolved "https://registry.yarnpkg.com/chart.js/-/chart.js-3.8.0.tgz#c6c14c457b9dc3ce7f1514a59e9b262afd6f1a94"
  integrity sha512-cr8xhrXjLIXVLOBZPkBZVF6NDeiVIrPLHcMhnON7UufudL+CNeRrD+wpYanswlm8NpudMdrt3CHoLMQMxJhHRg==

chartjs-adapter-date-fns@>=2.0.0:
  version "2.0.0"
  resolved "https://registry.yarnpkg.com/chartjs-adapter-date-fns/-/chartjs-adapter-date-fns-2.0.0.tgz#5e53b2f660b993698f936f509c86dddf9ed44c6b"
  integrity sha512-rmZINGLe+9IiiEB0kb57vH3UugAtYw33anRiw5kS2Tu87agpetDDoouquycWc9pRsKtQo5j+vLsYHyr8etAvFw==

chartkick@^4.2.0:
  version "4.2.0"
  resolved "https://registry.yarnpkg.com/chartkick/-/chartkick-4.2.0.tgz#106fc5ff7eef5343a9e6977f259a8a8a1ea57bf9"
  integrity sha512-7yYZyxeFhOh/LA7gc1VwDFgc6t4ZM9RrbBjgb4dJoFukk2+94QkK0yulYI2OUH1cjcfrf1qmj04FkjZx7kZDeg==
  optionalDependencies:
    chart.js ">=3.0.2"
    chartjs-adapter-date-fns ">=2.0.0"
    date-fns ">=2.0.0"

date-fns@>=2.0.0:
  version "2.28.0"
  resolved "https://registry.yarnpkg.com/date-fns/-/date-fns-2.28.0.tgz#9570d656f5fc13143e50c975a3b6bbeb46cd08b2"
  integrity sha512-8d35hViGYx/QH0icHYCeLmsLmMUheMmTyV9Fcm6gvNwdw31yXXH+O85sOBJ+OLnLQMKZowvpKb6FgMIQjcpvQw==

jquery@^3.4.1:
  version "3.6.0"
  resolved "https://registry.yarnpkg.com/jquery/-/jquery-3.6.0.tgz#c72a09f15c1bdce142f49dbf1170bdf8adac2470"
  integrity sha512-JVzAR/AjBvVt2BmYhxRCSYysDsPcssdmTFnzyLEts9qNwmjmu4JTAMYubEfwVOSwpQ1I1sKKFcxhZCI2buerfw==
